// !$*UTF8*$!
{
	archiveVersion = 1;
	classes = {
	};
	objectVersion = 77;
	objects = {

/* Begin PBXBuildFile section */
		6F9484332E3A253800C12CB5 /* GoogleSignIn in Frameworks */ = {isa = PBXBuildFile; productRef = 6F9484322E3A253800C12CB5 /* GoogleSignIn */; };
		6F9484352E3A253800C12CB5 /* GoogleSignInSwift in Frameworks */ = {isa = PBXBuildFile; productRef = 6F9484342E3A253800C12CB5 /* GoogleSignInSwift */; };
/* End PBXBuildFile section */

/* Begin PBXContainerItemProxy section */
		6F94840C2E3A189D00C12CB5 /* PBXContainerItemProxy */ = {
			isa = PBXContainerItemProxy;
			containerPortal = 6F9483F42E3A189900C12CB5 /* Project object */;
			proxyType = 1;
			remoteGlobalIDString = 6F9483FB2E3A189900C12CB5;
			remoteInfo = PleinCap;
		};
		6F9484162E3A189D00C12CB5 /* PBXContainerItemProxy */ = {
			isa = PBXContainerItemProxy;
			containerPortal = 6F9483F42E3A189900C12CB5 /* Project object */;
			proxyType = 1;
			remoteGlobalIDString = 6F9483FB2E3A189900C12CB5;
			remoteInfo = PleinCap;
		};
/* End PBXContainerItemProxy section */

/* Begin PBXFileReference section */
		6F9483FC2E3A189900C12CB5 /* PleinCap.app */ = {isa = PBXFileReference; explicitFileType = wrapper.application; includeInIndex = 0; path = PleinCap.app; sourceTree = BUILT_PRODUCTS_DIR; };
		6F94840B2E3A189D00C12CB5 /* PleinCapTests.xctest */ = {isa = PBXFileReference; explicitFileType = wrapper.cfbundle; includeInIndex = 0; path = PleinCapTests.xctest; sourceTree = BUILT_PRODUCTS_DIR; };
		6F9484152E3A189D00C12CB5 /* PleinCapUITests.xctest */ = {isa = PBXFileReference; explicitFileType = wrapper.cfbundle; includeInIndex = 0; path = PleinCapUITests.xctest; sourceTree = BUILT_PRODUCTS_DIR; };
/* End PBXFileReference section */

/* Begin PBXFileSystemSynchronizedBuildFileExceptionSet section */
		6F9484732E3A266F00C12CB5 /* Exceptions for "PleinCap" folder in "PleinCap" target */ = {
			isa = PBXFileSystemSynchronizedBuildFileExceptionSet;
			membershipExceptions = (
				Info.plist,
			);
			target = 6F9483FB2E3A189900C12CB5 /* PleinCap */;
		};
/* End PBXFileSystemSynchronizedBuildFileExceptionSet section */

/* Begin PBXFileSystemSynchronizedRootGroup section */
		6F9483FE2E3A189900C12CB5 /* PleinCap */ = {
			isa = PBXFileSystemSynchronizedRootGroup;
			exceptions = (
				6F9484732E3A266F00C12CB5 /* Exceptions for "PleinCap" folder in "PleinCap" target */,
			);
			path = PleinCap;
			sourceTree = "<group>";
		};
		6F94840E2E3A189D00C12CB5 /* PleinCapTests */ = {
			isa = PBXFileSystemSynchronizedRootGroup;
			path = PleinCapTests;
			sourceTree = "<group>";
		};
		6F9484182E3A189D00C12CB5 /* PleinCapUITests */ = {
			isa = PBXFileSystemSynchronizedRootGroup;
			path = PleinCapUITests;
			sourceTree = "<group>";
		};
/* End PBXFileSystemSynchronizedRootGroup section */

/* Begin PBXFrameworksBuildPhase section */
		6F9483F92E3A189900C12CB5 /* Frameworks */ = {
			isa = PBXFrameworksBuildPhase;
			buildActionMask = 2147483647;
			files = (
				6F9484332E3A253800C12CB5 /* GoogleSignIn in Frameworks */,
				6F9484352E3A253800C12CB5 /* GoogleSignInSwift in Frameworks */,
			);
			runOnlyForDeploymentPostprocessing = 0;
		};
		6F9484082E3A189D00C12CB5 /* Frameworks */ = {
			isa = PBXFrameworksBuildPhase;
			buildActionMask = 2147483647;
			files = (
			);
			runOnlyForDeploymentPostprocessing = 0;
		};
		6F9484122E3A189D00C12CB5 /* Frameworks */ = {
			isa = PBXFrameworksBuildPhase;
			buildActionMask = 2147483647;
			files = (
			);
			runOnlyForDeploymentPostprocessing = 0;
		};
/* End PBXFrameworksBuildPhase section */

/* Begin PBXGroup section */
		6F9483F32E3A189900C12CB5 = {
			isa = PBXGroup;
			children = (
				6F9483FE2E3A189900C12CB5 /* PleinCap */,
				6F94840E2E3A189D00C12CB5 /* PleinCapTests */,
				6F9484182E3A189D00C12CB5 /* PleinCapUITests */,
				6F9483FD2E3A189900C12CB5 /* Products */,
			);
			sourceTree = "<group>";
		};
		6F9483FD2E3A189900C12CB5 /* Products */ = {
			isa = PBXGroup;
			children = (
				6F9483FC2E3A189900C12CB5 /* PleinCap.app */,
				6F94840B2E3A189D00C12CB5 /* PleinCapTests.xctest */,
				6F9484152E3A189D00C12CB5 /* PleinCapUITests.xctest */,
			);
			name = Products;
			sourceTree = "<group>";
		};
/* End PBXGroup section */

/* Begin PBXNativeTarget section */
		6F9483FB2E3A189900C12CB5 /* PleinCap */ = {
			isa = PBXNativeTarget;
			buildConfigurationList = 6F94841F2E3A189D00C12CB5 /* Build configuration list for PBXNativeTarget "PleinCap" */;
			buildPhases = (
				6F9483F82E3A189900C12CB5 /* Sources */,
				6F9483F92E3A189900C12CB5 /* Frameworks */,
				6F9483FA2E3A189900C12CB5 /* Resources */,
			);
			buildRules = (
			);
			dependencies = (
			);
			fileSystemSynchronizedGroups = (
				6F9483FE2E3A189900C12CB5 /* PleinCap */,
			);
			name = PleinCap;
			packageProductDependencies = (
				6F9484322E3A253800C12CB5 /* GoogleSignIn */,
				6F9484342E3A253800C12CB5 /* GoogleSignInSwift */,
			);
			productName = PleinCap;
			productReference = 6F9483FC2E3A189900C12CB5 /* PleinCap.app */;
			productType = "com.apple.product-type.application";
		};
		6F94840A2E3A189D00C12CB5 /* PleinCapTests */ = {
			isa = PBXNativeTarget;
			buildConfigurationList = 6F9484222E3A189D00C12CB5 /* Build configuration list for PBXNativeTarget "PleinCapTests" */;
			buildPhases = (
				6F9484072E3A189D00C12CB5 /* Sources */,
				6F9484082E3A189D00C12CB5 /* Frameworks */,
				6F9484092E3A189D00C12CB5 /* Resources */,
			);
			buildRules = (
			);
			dependencies = (
				6F94840D2E3A189D00C12CB5 /* PBXTargetDependency */,
			);
			fileSystemSynchronizedGroups = (
				6F94840E2E3A189D00C12CB5 /* PleinCapTests */,
			);
			name = PleinCapTests;
			packageProductDependencies = (
			);
			productName = PleinCapTests;
			productReference = 6F94840B2E3A189D00C12CB5 /* PleinCapTests.xctest */;
			productType = "com.apple.product-type.bundle.unit-test";
		};
		6F9484142E3A189D00C12CB5 /* PleinCapUITests */ = {
			isa = PBXNativeTarget;
			buildConfigurationList = 6F9484252E3A189D00C12CB5 /* Build configuration list for PBXNativeTarget "PleinCapUITests" */;
			buildPhases = (
				6F9484112E3A189D00C12CB5 /* Sources */,
				6F9484122E3A189D00C12CB5 /* Frameworks */,
				6F9484132E3A189D00C12CB5 /* Resources */,
			);
			buildRules = (
			);
			dependencies = (
				6F9484172E3A189D00C12CB5 /* PBXTargetDependency */,
			);
			fileSystemSynchronizedGroups = (
				6F9484182E3A189D00C12CB5 /* PleinCapUITests */,
			);
			name = PleinCapUITests;
			packageProductDependencies = (
			);
			productName = PleinCapUITests;
			productReference = 6F9484152E3A189D00C12CB5 /* PleinCapUITests.xctest */;
			productType = "com.apple.product-type.bundle.ui-testing";
		};
/* End PBXNativeTarget section */

/* Begin PBXProject section */
		6F9483F42E3A189900C12CB5 /* Project object */ = {
			isa = PBXProject;
			attributes = {
				BuildIndependentTargetsInParallel = 1;
				LastSwiftUpdateCheck = 1640;
				LastUpgradeCheck = 1640;
				TargetAttributes = {
					6F9483FB2E3A189900C12CB5 = {
						CreatedOnToolsVersion = 16.4;
					};
					6F94840A2E3A189D00C12CB5 = {
						CreatedOnToolsVersion = 16.4;
						TestTargetID = 6F9483FB2E3A189900C12CB5;
					};
					6F9484142E3A189D00C12CB5 = {
						CreatedOnToolsVersion = 16.4;
						TestTargetID = 6F9483FB2E3A189900C12CB5;
					};
				};
			};
			buildConfigurationList = 6F9483F72E3A189900C12CB5 /* Build configuration list for PBXProject "PleinCap" */;
			developmentRegion = en;
			hasScannedForEncodings = 0;
			knownRegions = (
				en,
				Base,
			);
			mainGroup = 6F9483F32E3A189900C12CB5;
			minimizedProjectReferenceProxies = 1;
			packageReferences = (
				6F94842C2E3A1A3600C12CB5 /* XCRemoteSwiftPackageReference "GoogleSignIn-iOS" */,
			);
			preferredProjectObjectVersion = 77;
			productRefGroup = 6F9483FD2E3A189900C12CB5 /* Products */;
			projectDirPath = "";
			projectRoot = "";
			targets = (
				6F9483FB2E3A189900C12CB5 /* PleinCap */,
				6F94840A2E3A189D00C12CB5 /* PleinCapTests */,
				6F9484142E3A189D00C12CB5 /* PleinCapUITests */,
			);
		};
/* End PBXProject section */

/* Begin PBXResourcesBuildPhase section */
		6F9483FA2E3A189900C12CB5 /* Resources */ = {
			isa = PBXResourcesBuildPhase;
			buildActionMask = 2147483647;
			files = (
			);
			runOnlyForDeploymentPostprocessing = 0;
		};
		6F9484092E3A189D00C12CB5 /* Resources */ = {
			isa = PBXResourcesBuildPhase;
			buildActionMask = 2147483647;
			files = (
			);
			runOnlyForDeploymentPostprocessing = 0;
		};
		6F9484132E3A189D00C12CB5 /* Resources */ = {
			isa = PBXResourcesBuildPhase;
			buildActionMask = 2147483647;
			files = (
			);
			runOnlyForDeploymentPostprocessing = 0;
		};
/* End PBXResourcesBuildPhase section */

/* Begin PBXSourcesBuildPhase section */
		6F9483F82E3A189900C12CB5 /* Sources */ = {
			isa = PBXSourcesBuildPhase;
			buildActionMask = 2147483647;
			files = (
			);
			runOnlyForDeploymentPostprocessing = 0;
		};
		6F9484072E3A189D00C12CB5 /* Sources */ = {
			isa = PBXSourcesBuildPhase;
			buildActionMask = 2147483647;
			files = (
			);
			runOnlyForDeploymentPostprocessing = 0;
		};
		6F9484112E3A189D00C12CB5 /* Sources */ = {
			isa = PBXSourcesBuildPhase;
			buildActionMask = 2147483647;
			files = (
			);
			runOnlyForDeploymentPostprocessing = 0;
		};
/* End PBXSourcesBuildPhase section */

/* Begin PBXTargetDependency section */
		6F94840D2E3A189D00C12CB5 /* PBXTargetDependency */ = {
			isa = PBXTargetDependency;
			target = 6F9483FB2E3A189900C12CB5 /* PleinCap */;
			targetProxy = 6F94840C2E3A189D00C12CB5 /* PBXContainerItemProxy */;
		};
		6F9484172E3A189D00C12CB5 /* PBXTargetDependency */ = {
			isa = PBXTargetDependency;
			target = 6F9483FB2E3A189900C12CB5 /* PleinCap */;
			targetProxy = 6F9484162E3A189D00C12CB5 /* PBXContainerItemProxy */;
		};
/* End PBXTargetDependency section */

/* Begin XCBuildConfiguration section */
		6F94841D2E3A189D00C12CB5 /* Debug */ = {
			isa = XCBuildConfiguration;
			buildSettings = {
				ALWAYS_SEARCH_USER_PATHS = NO;
				ASSETCATALOG_COMPILER_GENERATE_SWIFT_ASSET_SYMBOL_EXTENSIONS = YES;
				CLANG_ANALYZER_NONNULL = YES;
				CLANG_ANALYZER_NUMBER_OBJECT_CONVERSION = YES_AGGRESSIVE;
				CLANG_CXX_LANGUAGE_STANDARD = "gnu++20";
				CLANG_ENABLE_MODULES = YES;
				CLANG_ENABLE_OBJC_ARC = YES;
				CLANG_ENABLE_OBJC_WEAK = YES;
				CLANG_WARN_BLOCK_CAPTURE_AUTORELEASING = YES;
				CLANG_WARN_BOOL_CONVERSION = YES;
				CLANG_WARN_COMMA = YES;
				CLANG_WARN_CONSTANT_CONVERSION = YES;
				CLANG_WARN_DEPRECATED_OBJC_IMPLEMENTATIONS = YES;
				CLANG_WARN_DIRECT_OBJC_ISA_USAGE = YES_ERROR;
				CLANG_WARN_DOCUMENTATION_COMMENTS = YES;
				CLANG_WARN_EMPTY_BODY = YES;
				CLANG_WARN_ENUM_CONVERSION = YES;
				CLANG_WARN_INFINITE_RECURSION = YES;
				CLANG_WARN_INT_CONVERSION = YES;
				CLANG_WARN_NON_LITERAL_NULL_CONVERSION = YES;
				CLANG_WARN_OBJC_IMPLICIT_RETAIN_SELF = YES;
				CLANG_WARN_OBJC_LITERAL_CONVERSION = YES;
				CLANG_WARN_OBJC_ROOT_CLASS = YES_ERROR;
				CLANG_WARN_QUOTED_INCLUDE_IN_FRAMEWORK_HEADER = YES;
				CLANG_WARN_RANGE_LOOP_ANALYSIS = YES;
				CLANG_WARN_STRICT_PROTOTYPES = YES;
				CLANG_WARN_SUSPICIOUS_MOVE = YES;
				CLANG_WARN_UNGUARDED_AVAILABILITY = YES_AGGRESSIVE;
				CLANG_WARN_UNREACHABLE_CODE = YES;
				CLANG_WARN__DUPLICATE_METHOD_MATCH = YES;
				COPY_PHASE_STRIP = NO;
				DEBUG_INFORMATION_FORMAT = dwarf;
				DONT_GENERATE_INFOPLIST_FILE = YES;
				ENABLE_STRICT_OBJC_MSGSEND = YES;
				ENABLE_TESTABILITY = YES;
				ENABLE_USER_SCRIPT_SANDBOXING = YES;
				GCC_C_LANGUAGE_STANDARD = gnu17;
				GCC_DYNAMIC_NO_PIC = NO;
				GCC_NO_COMMON_BLOCKS = YES;
				GCC_OPTIMIZATION_LEVEL = 0;
				GCC_PREPROCESSOR_DEFINITIONS = (
					"DEBUG=1",
					"$(inherited)",
				);
				GCC_WARN_64_TO_32_BIT_CONVERSION = YES;
				GCC_WARN_ABOUT_RETURN_TYPE = YES_ERROR;
				GCC_WARN_UNDECLARED_SELECTOR = YES;
				GCC_WARN_UNINITIALIZED_AUTOS = YES_AGGRESSIVE;
				GCC_WARN_UNUSED_FUNCTION = YES;
				GCC_WARN_UNUSED_VARIABLE = YES;
				GENERATE_PKGINFO_FILE = YES;
				GENERATE_PROFILING_CODE = YES;
				INFOPLIST_FILE = PleinCap/info.plist;
				INFOPLIST_KEY_WKRunsIndependentlyOfCompanionApp = YES;
				IPHONEOS_DEPLOYMENT_TARGET = 18.5;
				LOCALIZATION_PREFERS_STRING_CATALOGS = YES;
				MTL_ENABLE_DEBUG_INFO = INCLUDE_SOURCE;
				MTL_FAST_MATH = YES;
				ONLY_ACTIVE_ARCH = YES;
				SDKROOT = iphoneos;
				SWIFT_ACTIVE_COMPILATION_CONDITIONS = "DEBUG $(inherited)";
				SWIFT_OPTIMIZATION_LEVEL = "-Onone";
			};
			name = Debug;
		};
		6F94841E2E3A189D00C12CB5 /* Release */ = {
			isa = XCBuildConfiguration;
			buildSettings = {
				ALWAYS_SEARCH_USER_PATHS = NO;
				ASSETCATALOG_COMPILER_GENERATE_SWIFT_ASSET_SYMBOL_EXTENSIONS = YES;
				CLANG_ANALYZER_NONNULL = YES;
				CLANG_ANALYZER_NUMBER_OBJECT_CONVERSION = YES_AGGRESSIVE;
				CLANG_CXX_LANGUAGE_STANDARD = "gnu++20";
				CLANG_ENABLE_MODULES = YES;
				CLANG_ENABLE_OBJC_ARC = YES;
				CLANG_ENABLE_OBJC_WEAK = YES;
				CLANG_WARN_BLOCK_CAPTURE_AUTORELEASING = YES;
				CLANG_WARN_BOOL_CONVERSION = YES;
				CLANG_WARN_COMMA = YES;
				CLANG_WARN_CONSTANT_CONVERSION = YES;
				CLANG_WARN_DEPRECATED_OBJC_IMPLEMENTATIONS = YES;
				CLANG_WARN_DIRECT_OBJC_ISA_USAGE = YES_ERROR;
				CLANG_WARN_DOCUMENTATION_COMMENTS = YES;
				CLANG_WARN_EMPTY_BODY = YES;
				CLANG_WARN_ENUM_CONVERSION = YES;
				CLANG_WARN_INFINITE_RECURSION = YES;
				CLANG_WARN_INT_CONVERSION = YES;
				CLANG_WARN_NON_LITERAL_NULL_CONVERSION = YES;
				CLANG_WARN_OBJC_IMPLICIT_RETAIN_SELF = YES;
				CLANG_WARN_OBJC_LITERAL_CONVERSION = YES;
				CLANG_WARN_OBJC_ROOT_CLASS = YES_ERROR;
				CLANG_WARN_QUOTED_INCLUDE_IN_FRAMEWORK_HEADER = YES;
				CLANG_WARN_RANGE_LOOP_ANALYSIS = YES;
				CLANG_WARN_STRICT_PROTOTYPES = YES;
				CLANG_WARN_SUSPICIOUS_MOVE = YES;
				CLANG_WARN_UNGUARDED_AVAILABILITY = YES_AGGRESSIVE;
				CLANG_WARN_UNREACHABLE_CODE = YES;
				CLANG_WARN__DUPLICATE_METHOD_MATCH = YES;
				COPY_PHASE_STRIP = NO;
				DEBUG_INFORMATION_FORMAT = "dwarf-with-dsym";
				DONT_GENERATE_INFOPLIST_FILE = YES;
				ENABLE_NS_ASSERTIONS = NO;
				ENABLE_STRICT_OBJC_MSGSEND = YES;
				ENABLE_USER_SCRIPT_SANDBOXING = YES;
				GCC_C_LANGUAGE_STANDARD = gnu17;
				GCC_NO_COMMON_BLOCKS = YES;
				GCC_WARN_64_TO_32_BIT_CONVERSION = YES;
				GCC_WARN_ABOUT_RETURN_TYPE = YES_ERROR;
				GCC_WARN_UNDECLARED_SELECTOR = YES;
				GCC_WARN_UNINITIALIZED_AUTOS = YES_AGGRESSIVE;
				GCC_WARN_UNUSED_FUNCTION = YES;
				GCC_WARN_UNUSED_VARIABLE = YES;
				GENERATE_PKGINFO_FILE = YES;
				GENERATE_PROFILING_CODE = YES;
				INFOPLIST_FILE = PleinCap/info.plist;
				INFOPLIST_KEY_WKRunsIndependentlyOfCompanionApp = YES;
				IPHONEOS_DEPLOYMENT_TARGET = 18.5;
				LOCALIZATION_PREFERS_STRING_CATALOGS = YES;
				MTL_ENABLE_DEBUG_INFO = NO;
				MTL_FAST_MATH = YES;
				SDKROOT = iphoneos;
				SWIFT_COMPILATION_MODE = wholemodule;
				VALIDATE_PRODUCT = YES;
			};
			name = Release;
		};
		6F9484202E3A189D00C12CB5 /* Debug */ = {
			isa = XCBuildConfiguration;
			buildSettings = {
				ASSETCATALOG_COMPILER_APPICON_NAME = AppIcon;
				ASSETCATALOG_COMPILER_GLOBAL_ACCENT_COLOR_NAME = AccentColor;
				CODE_SIGN_STYLE = Automatic;
				CURRENT_PROJECT_VERSION = 1;
				ENABLE_PREVIEWS = YES;
				GENERATE_INFOPLIST_FILE = YES;
				INFOPLIST_KEY_UIApplicationSceneManifest_Generation = YES;
				INFOPLIST_KEY_UIApplicationSupportsIndirectInputEvents = YES;
				INFOPLIST_KEY_UILaunchScreen_Generation = YES;
				INFOPLIST_KEY_UILaunchStoryboardName = "Launch Screen";
				INFOPLIST_KEY_UISupportedInterfaceOrientations_iPad = "UIInterfaceOrientationPortrait UIInterfaceOrientationPortraitUpsideDown UIInterfaceOrientationLandscapeLeft UIInterfaceOrientationLandscapeRight";
				INFOPLIST_KEY_UISupportedInterfaceOrientations_iPhone = "UIInterfaceOrientationPortrait UIInterfaceOrientationLandscapeLeft UIInterfaceOrientationLandscapeRight";
				INFOPLIST_KEY_WKRunsIndependentlyOfCompanionApp = YES;
				LD_RUNPATH_SEARCH_PATHS = (
					"$(inherited)",
					"@executable_path/Frameworks",
				);
				MARKETING_VERSION = 1.0;
				PRODUCT_BUNDLE_IDENTIFIER = TALAN.PleinCap;
				PRODUCT_NAME = "$(TARGET_NAME)";
				SWIFT_EMIT_LOC_STRINGS = YES;
				SWIFT_VERSION = 5.0;
				TARGETED_DEVICE_FAMILY = "1,2";
			};
			name = Debug;
		};
		6F9484212E3A189D00C12CB5 /* Release */ = {
			isa = XCBuildConfiguration;
			buildSettings = {
				ASSETCATALOG_COMPILER_APPICON_NAME = AppIcon;
				ASSETCATALOG_COMPILER_GLOBAL_ACCENT_COLOR_NAME = AccentColor;
				CODE_SIGN_STYLE = Automatic;
				CURRENT_PROJECT_VERSION = 1;
				ENABLE_PREVIEWS = YES;
				GENERATE_INFOPLIST_FILE = YES;
				INFOPLIST_KEY_UIApplicationSceneManifest_Generation = YES;
				INFOPLIST_KEY_UIApplicationSupportsIndirectInputEvents = YES;
				INFOPLIST_KEY_UILaunchScreen_Generation = YES;
				INFOPLIST_KEY_UILaunchStoryboardName = "Launch Screen";
				INFOPLIST_KEY_UISupportedInterfaceOrientations_iPad = "UIInterfaceOrientationPortrait UIInterfaceOrientationPortraitUpsideDown UIInterfaceOrientationLandscapeLeft UIInterfaceOrientationLandscapeRight";
				INFOPLIST_KEY_UISupportedInterfaceOrientations_iPhone = "UIInterfaceOrientationPortrait UIInterfaceOrientationLandscapeLeft UIInterfaceOrientationLandscapeRight";
				INFOPLIST_KEY_WKRunsIndependentlyOfCompanionApp = YES;
				LD_RUNPATH_SEARCH_PATHS = (
					"$(inherited)",
					"@executable_path/Frameworks",
				);
				MARKETING_VERSION = 1.0;
				PRODUCT_BUNDLE_IDENTIFIER = TALAN.PleinCap;
				PRODUCT_NAME = "$(TARGET_NAME)";
				SWIFT_EMIT_LOC_STRINGS = YES;
				SWIFT_VERSION = 5.0;
				TARGETED_DEVICE_FAMILY = "1,2";
			};
			name = Release;
		};
		6F9484232E3A189D00C12CB5 /* Debug */ = {
			isa = XCBuildConfiguration;
			buildSettings = {
				BUNDLE_LOADER = "$(TEST_HOST)";
				CODE_SIGN_STYLE = Automatic;
				CURRENT_PROJECT_VERSION = 1;
				GENERATE_INFOPLIST_FILE = YES;
				IPHONEOS_DEPLOYMENT_TARGET = 18.5;
				MARKETING_VERSION = 1.0;
				PRODUCT_BUNDLE_IDENTIFIER = TALAN.PleinCapTests;
				PRODUCT_NAME = "$(TARGET_NAME)";
				SWIFT_EMIT_LOC_STRINGS = NO;
				SWIFT_VERSION = 5.0;
				TARGETED_DEVICE_FAMILY = "1,2";
				TEST_HOST = "$(BUILT_PRODUCTS_DIR)/PleinCap.app/$(BUNDLE_EXECUTABLE_FOLDER_PATH)/PleinCap";
			};
			name = Debug;
		};
		6F9484242E3A189D00C12CB5 /* Release */ = {
			isa = XCBuildConfiguration;
			buildSettings = {
				BUNDLE_LOADER = "$(TEST_HOST)";
				CODE_SIGN_STYLE = Automatic;
				CURRENT_PROJECT_VERSION = 1;
				GENERATE_INFOPLIST_FILE = YES;
				IPHONEOS_DEPLOYMENT_TARGET = 18.5;
				MARKETING_VERSION = 1.0;
				PRODUCT_BUNDLE_IDENTIFIER = TALAN.PleinCapTests;
				PRODUCT_NAME = "$(TARGET_NAME)";
				SWIFT_EMIT_LOC_STRINGS = NO;
				SWIFT_VERSION = 5.0;
				TARGETED_DEVICE_FAMILY = "1,2";
				TEST_HOST = "$(BUILT_PRODUCTS_DIR)/PleinCap.app/$(BUNDLE_EXECUTABLE_FOLDER_PATH)/PleinCap";
			};
			name = Release;
		};
		6F9484262E3A189D00C12CB5 /* Debug */ = {
			isa = XCBuildConfiguration;
			buildSettings = {
				CODE_SIGN_STYLE = Automatic;
				CURRENT_PROJECT_VERSION = 1;
				GENERATE_INFOPLIST_FILE = YES;
				MARKETING_VERSION = 1.0;
				PRODUCT_BUNDLE_IDENTIFIER = TALAN.PleinCapUITests;
				PRODUCT_NAME = "$(TARGET_NAME)";
				SWIFT_EMIT_LOC_STRINGS = NO;
				SWIFT_VERSION = 5.0;
				TARGETED_DEVICE_FAMILY = "1,2";
				TEST_TARGET_NAME = PleinCap;
			};
			name = Debug;
		};
		6F9484272E3A189D00C12CB5 /* Release */ = {
			isa = XCBuildConfiguration;
			buildSettings = {
				CODE_SIGN_STYLE = Automatic;
				CURRENT_PROJECT_VERSION = 1;
				GENERATE_INFOPLIST_FILE = YES;
				MARKETING_VERSION = 1.0;
				PRODUCT_BUNDLE_IDENTIFIER = TALAN.PleinCapUITests;
				PRODUCT_NAME = "$(TARGET_NAME)";
				SWIFT_EMIT_LOC_STRINGS = NO;
				SWIFT_VERSION = 5.0;
				TARGETED_DEVICE_FAMILY = "1,2";
				TEST_TARGET_NAME = PleinCap;
			};
			name = Release;
		};
/* End XCBuildConfiguration section */

/* Begin XCConfigurationList section */
		6F9483F72E3A189900C12CB5 /* Build configuration list for PBXProject "PleinCap" */ = {
			isa = XCConfigurationList;
			buildConfigurations = (
				6F94841D2E3A189D00C12CB5 /* Debug */,
				6F94841E2E3A189D00C12CB5 /* Release */,
			);
			defaultConfigurationIsVisible = 0;
			defaultConfigurationName = Release;
		};
		6F94841F2E3A189D00C12CB5 /* Build configuration list for PBXNativeTarget "PleinCap" */ = {
			isa = XCConfigurationList;
			buildConfigurations = (
				6F9484202E3A189D00C12CB5 /* Debug */,
				6F9484212E3A189D00C12CB5 /* Release */,
			);
			defaultConfigurationIsVisible = 0;
			defaultConfigurationName = Release;
		};
		6F9484222E3A189D00C12CB5 /* Build configuration list for PBXNativeTarget "PleinCapTests" */ = {
			isa = XCConfigurationList;
			buildConfigurations = (
				6F9484232E3A189D00C12CB5 /* Debug */,
				6F9484242E3A189D00C12CB5 /* Release */,
			);
			defaultConfigurationIsVisible = 0;
			defaultConfigurationName = Release;
		};
		6F9484252E3A189D00C12CB5 /* Build configuration list for PBXNativeTarget "PleinCapUITests" */ = {
			isa = XCConfigurationList;
			buildConfigurations = (
				6F9484262E3A189D00C12CB5 /* Debug */,
				6F9484272E3A189D00C12CB5 /* Release */,
			);
			defaultConfigurationIsVisible = 0;
			defaultConfigurationName = Release;
		};
/* End XCConfigurationList section */

/* Begin XCRemoteSwiftPackageReference section */
		6F94842C2E3A1A3600C12CB5 /* XCRemoteSwiftPackageReference "GoogleSignIn-iOS" */ = {
			isa = XCRemoteSwiftPackageReference;
			repositoryURL = "https://github.com/google/GoogleSignIn-iOS.git";
			requirement = {
				kind = upToNextMajorVersion;
				minimumVersion = 9.0.0;
			};
		};
/* End XCRemoteSwiftPackageReference section */

/* Begin XCSwiftPackageProductDependency section */
		6F9484322E3A253800C12CB5 /* GoogleSignIn */ = {
			isa = XCSwiftPackageProductDependency;
			productName = GoogleSignIn;
		};
		6F9484342E3A253800C12CB5 /* GoogleSignInSwift */ = {
			isa = XCSwiftPackageProductDependency;
			productName = GoogleSignInSwift;
		};
/* End XCSwiftPackageProductDependency section */
	};
	rootObject = 6F9483F42E3A189900C12CB5 /* Project object */;
}
